
Microsoft Visual Studio Solution File, Format Version 12.00
# Visual Studio Version 17
VisualStudioVersion = 17.5.33414.496
MinimumVisualStudioVersion = 10.0.40219.1
Project("{FAE04EC0-301F-11D3-BF4B-00C04F79EFBC}") = "SupplierQuantityServerApp", "SupplierQuantityServerApp\SupplierQuantityServerApp.csproj", "{7E531156-8FD9-4785-8112-1A01ABE393EB}"
EndProject
Project("{FAE04EC0-301F-11D3-BF4B-00C04F79EFBC}") = "SupplierQuantityClientApp", "SupplierQuantityClientApp\SupplierQuantityClientApp.csproj", "{21DF03EB-B76B-4FC9-97E4-02BE05668CE3}"
EndProject
Global
	GlobalSection(SolutionConfigurationPlatforms) = preSolution
		Debug|Any CPU = Debug|Any CPU
		Release|Any CPU = Release|Any CPU
	EndGlobalSection
	GlobalSection(ProjectConfigurationPlatforms) = postSolution
		{7E531156-8FD9-4785-8112-1A01ABE393EB}.Debug|Any CPU.ActiveCfg = Debug|Any CPU
		{7E531156-8FD9-4785-8112-1A01ABE393EB}.Debug|Any CPU.Build.0 = Debug|Any CPU
		{7E531156-8FD9-4785-8112-1A01ABE393EB}.Release|Any CPU.ActiveCfg = Release|Any CPU
		{7E531156-8FD9-4785-8112-1A01ABE393EB}.Release|Any CPU.Build.0 = Release|Any CPU
		{21DF03EB-B76B-4FC9-97E4-02BE05668CE3}.Debug|Any CPU.ActiveCfg = Debug|Any CPU
		{21DF03EB-B76B-4FC9-97E4-02BE05668CE3}.Debug|Any CPU.Build.0 = Debug|Any CPU
		{21DF03EB-B76B-4FC9-97E4-02BE05668CE3}.Release|Any CPU.ActiveCfg = Release|Any CPU
		{21DF03EB-B76B-4FC9-97E4-02BE05668CE3}.Release|Any CPU.Build.0 = Release|Any CPU
	EndGlobalSection
	GlobalSection(SolutionProperties) = preSolution
		HideSolutionNode = FALSE
	EndGlobalSection
	GlobalSection(ExtensibilityGlobals) = postSolution
		SolutionGuid = {6A119821-9171-42F2-AA22-2B398F87B729}
	EndGlobalSection
EndGlobal
